<Project xmlns="http://schemas.microsoft.com/developer/msbuild/2003">
    <PropertyGroup>
        <ProjectGuid>{8311A71A-DDFC-4AB7-8208-583697A23507}</ProjectGuid>
        <ProjectVersion>15.4</ProjectVersion>
        <FrameworkType>VCL</FrameworkType>
        <MainSource>Project3.dpr</MainSource>
        <Base>True</Base>
        <Config Condition="'$(Config)'==''">Debug</Config>
        <Platform Condition="'$(Platform)'==''">Win32</Platform>
        <TargetedPlatforms>1</TargetedPlatforms>
        <AppType>Console</AppType>
    </PropertyGroup>
    <PropertyGroup Condition="'$(Config)'=='Base' or '$(Base)'!=''">
        <Base>true</Base>
    </PropertyGroup>
    <PropertyGroup Condition="('$(Platform)'=='Win32' and '$(Base)'=='true') or '$(Base_Win32)'!=''">
        <Base_Win32>true</Base_Win32>
        <CfgParent>Base</CfgParent>
        <Base>true</Base>
    </PropertyGroup>
    <PropertyGroup Condition="('$(Platform)'=='Win64' and '$(Base)'=='true') or '$(Base_Win64)'!=''">
        <Base_Win64>true</Base_Win64>
        <CfgParent>Base</CfgParent>
        <Base>true</Base>
    </PropertyGroup>
    <PropertyGroup Condition="'$(Config)'=='Debug' or '$(Cfg_1)'!=''">
        <Cfg_1>true</Cfg_1>
        <CfgParent>Base</CfgParent>
        <Base>true</Base>
    </PropertyGroup>
    <PropertyGroup Condition="('$(Platform)'=='Win32' and '$(Cfg_1)'=='true') or '$(Cfg_1_Win32)'!=''">
        <Cfg_1_Win32>true</Cfg_1_Win32>
        <CfgParent>Cfg_1</CfgParent>
        <Cfg_1>true</Cfg_1>
        <Base>true</Base>
    </PropertyGroup>
    <PropertyGroup Condition="'$(Config)'=='Release' or '$(Cfg_2)'!=''">
        <Cfg_2>true</Cfg_2>
        <CfgParent>Base</CfgParent>
        <Base>true</Base>
    </PropertyGroup>
    <PropertyGroup Condition="'$(Base)'!=''">
        <Icon_MainIcon>$(BDS)\bin\delphi_PROJECTICON.ico</Icon_MainIcon>
        <DCC_Namespace>System;Xml;Data;Datasnap;Web;Soap;Vcl;Vcl.Imaging;Vcl.Touch;Vcl.Samples;Vcl.Shell;$(DCC_Namespace)</DCC_Namespace>
        <Icns_MainIcns>$(BDS)\bin\delphi_PROJECTICNS.icns</Icns_MainIcns>
        <DCC_DcuOutput>.\$(Platform)\$(Config)</DCC_DcuOutput>
        <DCC_ExeOutput>.\$(Platform)\$(Config)</DCC_ExeOutput>
        <DCC_E>false</DCC_E>
        <DCC_N>false</DCC_N>
        <DCC_S>false</DCC_S>
        <DCC_F>false</DCC_F>
        <DCC_K>false</DCC_K>
    </PropertyGroup>
    <PropertyGroup Condition="'$(Base_Win32)'!=''">
        <DCC_UsePackage>FireDACMSAccDriver;JvGlobus;DataSnapIndy10ServerTransport;cxSchedulerTreeBrowserRS20;JvMM;cxGridRS20;dxFireDACServerModeRS20;JvManagedThreads;dxSkinOffice2007SilverRS20;dxPScxExtCommonRS20;dxPSdxLCLnkRS20;cxPageControlRS20;dxPSdxSpreadSheetLnkRS20;FireDACPgDriver;JvCrypt;dxSkinVisualStudio2013DarkRS20;DBXInterBaseDriver;DataSnapServer;DataSnapCommon;JvNet;dxSkinsdxBarPainterRS20;dxSkinSharpRS20;JvDotNetCtrls;DbxCommonDriver;dxLayoutControlRS20;vclimg;dxSkinSilverRS20;dxSkinsdxNavBarPainterRS20;dbxcds;DatasnapConnectorsFreePascal;JvXPCtrls;dxPSCoreRS20;dxSkinOffice2013LightGrayRS20;vcldb;dxPSTeeChartRS20;dxSkinOffice2013WhiteRS20;dxSkinMcSkinRS20;CustomIPTransport;dsnap;IndyIPServer;dxSkinCoffeeRS20;dxSkinGlassOceansRS20;IndyCore;dxSkinOffice2010SilverRS20;dxComnRS20;CloudService;dxSkinOffice2013DarkGrayRS20;dxFlowChartRS20;FmxTeeUI;FireDACIBDriver;dxDBXServerModeRS20;dxSkinOffice2007PinkRS20;dxSkinSpringTimeRS20;cxTreeListdxBarPopupMenuRS20;dxPsPrVwAdvRS20;JvDB;JvRuntimeDesign;dxSkiniMaginaryRS20;dxSkinVisualStudio2013BlueRS20;KTcxLib;dxSkinDevExpressDarkStyleRS20;dxPScxGridLnkRS20;dxtrmdRS20;cxSchedulerGridRS20;dsnapxml;JclDeveloperTools;FireDACDb2Driver;dxSpreadSheetRS20;dxSkinMoneyTwinsRS20;FIBPlus_XE6;dxSkinOffice2007GreenRS20;dxPScxTLLnkRS20;dxRichEditControlRS20;cxPivotGridOLAPRS20;dxPSdxFCLnkRS20;dxPSdxGaugeControlLnkRS20;bindcompfmx;frx20;vcldbx;FireDACODBCDriver;RESTBackendComponents;dbrtl;FireDACCommon;bindcomp;inetdb;JvPluginSystem;dxSkinVisualStudio2013LightRS20;DBXOdbcDriver;JvCmp;vclFireDAC;madDisAsm_;JvTimeFramework;xmlrtl;dxSkinOffice2007BlackRS20;FireDACCommonDriver;bindengine;vclactnband;soaprtl;FMXTee;dxGDIPlusRS20;bindcompvcl;Jcl;vclie;cxVerticalGridRS20;madExcept_;cxSchedulerRS20;dxRibbonCustomizationFormRS20;dxSkinBlackRS20;FireDACMSSQLDriver;DBXInformixDriver;dxSkinSummer2008RS20;cxBarEditItemRS20;DataSnapServerMidas;dsnapcon;DBXFirebirdDriver;inet;dxBarRS20;cxDataRS20;dxSkinDarkSideRS20;JvPascalInterpreter;FireDACMySQLDriver;soapmidas;vclx;dxPScxVGridLnkRS20;dxSkinLondonLiquidSkyRS20;dxCoreRS20;DBXSybaseASADriver;RESTComponents;dxPSPrVwRibbonRS20;dbexpress;dxPSLnksRS20;JvBDE;frxcs20;dxSpellCheckerRS20;dxBarExtItemsRS20;IndyIPClient;dxdbtrRS20;FireDACSqliteDriver;FireDACDSDriver;cxSchedulerRibbonStyleEventEditorRS20;DBXSqliteDriver;fmx;dxSkinVS2010RS20;JvDlgs;IndySystem;dxSkinXmas2008BlueRS20;TeeDB;tethering;dxPScxPCProdRS20;IWBootsTrapXE6;inetdbbde;dxTabbedMDIRS20;DataSnapClient;dxmdsRS20;DataSnapProviderClient;DBXSybaseASEDriver;dxdborRS20;dxPSdxDBTVLnkRS20;fsBDE20;MetropolisUILiveTile;dxSkinCaramelRS20;dxPScxSchedulerLnkRS20;dxSkinLiquidSkyRS20;vcldsnap;dxGaugeControlRS20;dxSkinDevExpressStyleRS20;fmxFireDAC;cxPivotGridChartRS20;DBXDb2Driver;DBXOracleDriver;dxSkinOffice2010BlueRS20;JvCore;vclribbon;cxExportRS20;dxServerModeRS20;dxSkinscxSchedulerPainterRS20;dxSkinMetropolisDarkRS20;fmxase;vcl;DBXMSSQLDriver;IndyIPCommon;CodeSiteExpressPkg;dxSkinBlueRS20;dxSkinOffice2010BlackRS20;DataSnapFireDAC;FireDACDBXDriver;dxBarExtDBItemsRS20;JvAppFrm;soapserver;dxPSDBTeeChartRS20;dxSkinsdxDLPainterRS20;inetdbxpress;fsTee20;frxTee20;dxADOServerModeRS20;dxSkinBlueprintRS20;dxSkinFoggyRS20;FireDACInfxDriver;dxSkinSharpPlusRS20;cxPivotGridRS20;JvDocking;adortl;frxDB20;JvWizards;dxRibbonRS20;madBasic_;FireDACASADriver;dxSkinHighContrastRS20;JvHMI;dxSkinTheAsphaltWorldRS20;JvBands;fsADO20;dxBarDBNavRS20;dxSkinscxPCPainterRS20;rtl;DbxClientDriver;dxSkinMetropolisRS20;dxNavBarRS20;dxDockingRS20;Tee;JclContainers;dxSkinOffice2007BlueRS20;dxSkinsdxRibbonPainterRS20;frxDBX20;dxSkinValentineRS20;JvSystem;DataSnapNativeClient;svnui;JvControls;IndyProtocols;DBXMySQLDriver;dxSkinSevenClassicRS20;dxPScxCommonRS20;frxBDE20;dxSkinPumpkinRS20;bindcompdbx;TeeUI;JvJans;JvPrintPreview;JvPageComps;JvStdCtrls;JvCustom;Intraweb_14_DXE6;dxSkinDarkRoomRS20;FireDACADSDriver;vcltouch;dxSkinStardustRS20;cxEditorsRS20;dxorgcRS20;dxPSdxDBOCLnkRS20;VclSmp;FireDAC;VCLRESTComponents;dxSkinsCoreRS20;DataSnapConnectors;dxSkinSevenRS20;fsDB20;cxLibraryRS20;fmxobj;dxMapControlRS20;JclVcl;fs20;svn;dxWizardControlRS20;dxSkinLilianRS20;FireDACOracleDriver;fmxdae;dxSkinWhiteprintRS20;dxPScxPivotGridLnkRS20;bdertl;dxThemeRS20;dxPSdxOCLnkRS20;frxADO20;cxTreeListRS20;dxTileControlRS20;frxe20;$(DCC_UsePackage)</DCC_UsePackage>
        <DCC_Namespace>Winapi;System.Win;Data.Win;Datasnap.Win;Web.Win;Soap.Win;Xml.Win;Bde;$(DCC_Namespace)</DCC_Namespace>
        <VerInfo_Locale>1033</VerInfo_Locale>
        <VerInfo_Keys>CompanyName=;FileDescription=;FileVersion=1.0.0.0;InternalName=;LegalCopyright=;LegalTrademarks=;OriginalFilename=;ProductName=;ProductVersion=1.0.0.0;Comments=</VerInfo_Keys>
    </PropertyGroup>
    <PropertyGroup Condition="'$(Base_Win64)'!=''">
        <DCC_UsePackage>FireDACMSAccDriver;DataSnapIndy10ServerTransport;cxSchedulerTreeBrowserRS20;cxGridRS20;dxFireDACServerModeRS20;dxSkinOffice2007SilverRS20;dxPScxExtCommonRS20;dxPSdxLCLnkRS20;cxPageControlRS20;dxPSdxSpreadSheetLnkRS20;FireDACPgDriver;dxSkinVisualStudio2013DarkRS20;DBXInterBaseDriver;DataSnapServer;DataSnapCommon;dxSkinsdxBarPainterRS20;dxSkinSharpRS20;DbxCommonDriver;dxLayoutControlRS20;vclimg;dxSkinSilverRS20;dxSkinsdxNavBarPainterRS20;dbxcds;DatasnapConnectorsFreePascal;dxPSCoreRS20;dxSkinOffice2013LightGrayRS20;vcldb;dxPSTeeChartRS20;dxSkinOffice2013WhiteRS20;dxSkinMcSkinRS20;CustomIPTransport;dsnap;IndyIPServer;dxSkinCoffeeRS20;dxSkinGlassOceansRS20;IndyCore;dxSkinOffice2010SilverRS20;dxComnRS20;CloudService;dxSkinOffice2013DarkGrayRS20;dxFlowChartRS20;FmxTeeUI;FireDACIBDriver;dxDBXServerModeRS20;dxSkinOffice2007PinkRS20;dxSkinSpringTimeRS20;cxTreeListdxBarPopupMenuRS20;dxPsPrVwAdvRS20;dxSkiniMaginaryRS20;dxSkinVisualStudio2013BlueRS20;dxSkinDevExpressDarkStyleRS20;dxPScxGridLnkRS20;dxtrmdRS20;cxSchedulerGridRS20;dsnapxml;FireDACDb2Driver;dxSpreadSheetRS20;dxSkinMoneyTwinsRS20;FIBPlus_XE6;dxSkinOffice2007GreenRS20;dxPScxTLLnkRS20;dxRichEditControlRS20;cxPivotGridOLAPRS20;dxPSdxFCLnkRS20;dxPSdxGaugeControlLnkRS20;bindcompfmx;FireDACODBCDriver;RESTBackendComponents;dbrtl;FireDACCommon;bindcomp;inetdb;dxSkinVisualStudio2013LightRS20;DBXOdbcDriver;vclFireDAC;xmlrtl;dxSkinOffice2007BlackRS20;FireDACCommonDriver;bindengine;vclactnband;soaprtl;FMXTee;dxGDIPlusRS20;bindcompvcl;vclie;cxVerticalGridRS20;cxSchedulerRS20;dxRibbonCustomizationFormRS20;dxSkinBlackRS20;FireDACMSSQLDriver;DBXInformixDriver;dxSkinSummer2008RS20;cxBarEditItemRS20;DataSnapServerMidas;dsnapcon;DBXFirebirdDriver;inet;dxBarRS20;cxDataRS20;dxSkinDarkSideRS20;FireDACMySQLDriver;soapmidas;vclx;dxPScxVGridLnkRS20;dxSkinLondonLiquidSkyRS20;dxCoreRS20;DBXSybaseASADriver;RESTComponents;dxPSPrVwRibbonRS20;dbexpress;dxPSLnksRS20;dxSpellCheckerRS20;dxBarExtItemsRS20;IndyIPClient;dxdbtrRS20;FireDACSqliteDriver;FireDACDSDriver;cxSchedulerRibbonStyleEventEditorRS20;DBXSqliteDriver;fmx;dxSkinVS2010RS20;IndySystem;dxSkinXmas2008BlueRS20;TeeDB;tethering;dxPScxPCProdRS20;dxTabbedMDIRS20;DataSnapClient;dxmdsRS20;DataSnapProviderClient;DBXSybaseASEDriver;dxdborRS20;dxPSdxDBTVLnkRS20;MetropolisUILiveTile;dxSkinCaramelRS20;dxPScxSchedulerLnkRS20;dxSkinLiquidSkyRS20;vcldsnap;dxGaugeControlRS20;dxSkinDevExpressStyleRS20;fmxFireDAC;cxPivotGridChartRS20;DBXDb2Driver;DBXOracleDriver;dxSkinOffice2010BlueRS20;vclribbon;cxExportRS20;dxServerModeRS20;dxSkinscxSchedulerPainterRS20;dxSkinMetropolisDarkRS20;fmxase;vcl;DBXMSSQLDriver;IndyIPCommon;dxSkinBlueRS20;dxSkinOffice2010BlackRS20;DataSnapFireDAC;FireDACDBXDriver;dxBarExtDBItemsRS20;soapserver;dxPSDBTeeChartRS20;dxSkinsdxDLPainterRS20;inetdbxpress;dxADOServerModeRS20;dxSkinBlueprintRS20;dxSkinFoggyRS20;FireDACInfxDriver;dxSkinSharpPlusRS20;cxPivotGridRS20;adortl;dxRibbonRS20;FireDACASADriver;dxSkinHighContrastRS20;dxSkinTheAsphaltWorldRS20;dxBarDBNavRS20;dxSkinscxPCPainterRS20;rtl;DbxClientDriver;dxSkinMetropolisRS20;dxNavBarRS20;dxDockingRS20;Tee;dxSkinOffice2007BlueRS20;dxSkinsdxRibbonPainterRS20;dxSkinValentineRS20;DataSnapNativeClient;IndyProtocols;DBXMySQLDriver;dxSkinSevenClassicRS20;dxPScxCommonRS20;dxSkinPumpkinRS20;bindcompdbx;TeeUI;dxSkinDarkRoomRS20;FireDACADSDriver;vcltouch;dxSkinStardustRS20;cxEditorsRS20;dxorgcRS20;dxPSdxDBOCLnkRS20;VclSmp;FireDAC;VCLRESTComponents;dxSkinsCoreRS20;DataSnapConnectors;dxSkinSevenRS20;cxLibraryRS20;fmxobj;dxMapControlRS20;dxWizardControlRS20;dxSkinLilianRS20;FireDACOracleDriver;fmxdae;dxSkinWhiteprintRS20;dxPScxPivotGridLnkRS20;dxThemeRS20;dxPSdxOCLnkRS20;cxTreeListRS20;dxTileControlRS20;$(DCC_UsePackage)</DCC_UsePackage>
    </PropertyGroup>
    <PropertyGroup Condition="'$(Cfg_1)'!=''">
        <DCC_Define>DEBUG;$(DCC_Define)</DCC_Define>
        <DCC_DebugDCUs>true</DCC_DebugDCUs>
        <DCC_Optimize>false</DCC_Optimize>
        <DCC_GenerateStackFrames>true</DCC_GenerateStackFrames>
        <DCC_DebugInfoInExe>true</DCC_DebugInfoInExe>
        <DCC_RemoteDebug>true</DCC_RemoteDebug>
    </PropertyGroup>
    <PropertyGroup Condition="'$(Cfg_1_Win32)'!=''">
        <Manifest_File>None</Manifest_File>
        <VerInfo_Locale>1033</VerInfo_Locale>
        <DCC_ExeOutput>..\..\bin\</DCC_ExeOutput>
        <DCC_RemoteDebug>false</DCC_RemoteDebug>
    </PropertyGroup>
    <PropertyGroup Condition="'$(Cfg_2)'!=''">
        <DCC_LocalDebugSymbols>false</DCC_LocalDebugSymbols>
        <DCC_Define>RELEASE;$(DCC_Define)</DCC_Define>
        <DCC_SymbolReferenceInfo>0</DCC_SymbolReferenceInfo>
        <DCC_DebugInformation>0</DCC_DebugInformation>
    </PropertyGroup>
    <ItemGroup>
        <DelphiCompile Include="$(MainSource)">
            <MainSource>MainSource</MainSource>
        </DelphiCompile>
        <DCCReference Include="Unit1.pas">
            <Form>IWForm1</Form>
            <FormType>dfm</FormType>
            <DesignClass>TIWAppForm</DesignClass>
        </DCCReference>
        <DCCReference Include="ServerController.pas">
            <Form>IWServerController</Form>
            <FormType>dfm</FormType>
            <DesignClass>TIWServerControllerBase</DesignClass>
        </DCCReference>
        <DCCReference Include="UserSessionUnit.pas">
            <Form>IWUserSession</Form>
            <FormType>dfm</FormType>
            <DesignClass>TIWUserSessionBase</DesignClass>
        </DCCReference>
        <DCCReference Include="Unit2.pas">
            <Form>IWFrame2</Form>
            <FormType>dfm</FormType>
            <DesignClass>TFrame</DesignClass>
        </DCCReference>
        <BuildConfiguration Include="Release">
            <Key>Cfg_2</Key>
            <CfgParent>Base</CfgParent>
        </BuildConfiguration>
        <BuildConfiguration Include="Base">
            <Key>Base</Key>
        </BuildConfiguration>
        <BuildConfiguration Include="Debug">
            <Key>Cfg_1</Key>
            <CfgParent>Base</CfgParent>
        </BuildConfiguration>
    </ItemGroup>
    <ProjectExtensions>
        <Borland.Personality>Delphi.Personality.12</Borland.Personality>
        <Borland.ProjectType/>
        <BorlandProject>
            <Delphi.Personality>
                <Source>
                    <Source Name="MainSource">Project3.dpr</Source>
                </Source>
                <VersionInfo>
                    <VersionInfo Name="IncludeVerInfo">False</VersionInfo>
                    <VersionInfo Name="AutoIncBuild">False</VersionInfo>
                    <VersionInfo Name="MajorVer">1</VersionInfo>
                    <VersionInfo Name="MinorVer">0</VersionInfo>
                    <VersionInfo Name="Release">0</VersionInfo>
                    <VersionInfo Name="Build">0</VersionInfo>
                    <VersionInfo Name="Debug">False</VersionInfo>
                    <VersionInfo Name="PreRelease">False</VersionInfo>
                    <VersionInfo Name="Special">False</VersionInfo>
                    <VersionInfo Name="Private">False</VersionInfo>
                    <VersionInfo Name="DLL">False</VersionInfo>
                    <VersionInfo Name="Locale">11274</VersionInfo>
                    <VersionInfo Name="CodePage">1252</VersionInfo>
                </VersionInfo>
                <VersionInfoKeys>
                    <VersionInfoKeys Name="CompanyName"/>
                    <VersionInfoKeys Name="FileDescription"/>
                    <VersionInfoKeys Name="FileVersion">1.0.0.0</VersionInfoKeys>
                    <VersionInfoKeys Name="InternalName"/>
                    <VersionInfoKeys Name="LegalCopyright"/>
                    <VersionInfoKeys Name="LegalTrademarks"/>
                    <VersionInfoKeys Name="OriginalFilename"/>
                    <VersionInfoKeys Name="ProductName"/>
                    <VersionInfoKeys Name="ProductVersion">1.0.0.0</VersionInfoKeys>
                    <VersionInfoKeys Name="Comments"/>
                    <VersionInfoKeys Name="CFBundleName"/>
                    <VersionInfoKeys Name="CFBundleDisplayName"/>
                    <VersionInfoKeys Name="UIDeviceFamily"/>
                    <VersionInfoKeys Name="CFBundleIdentifier"/>
                    <VersionInfoKeys Name="CFBundleVersion"/>
                    <VersionInfoKeys Name="CFBundlePackageType"/>
                    <VersionInfoKeys Name="CFBundleSignature"/>
                    <VersionInfoKeys Name="CFBundleAllowMixedLocalizations"/>
                    <VersionInfoKeys Name="UISupportedInterfaceOrientations"/>
                    <VersionInfoKeys Name="CFBundleExecutable"/>
                    <VersionInfoKeys Name="CFBundleResourceSpecification"/>
                    <VersionInfoKeys Name="LSRequiresIPhoneOS"/>
                    <VersionInfoKeys Name="CFBundleInfoDictionaryVersion"/>
                    <VersionInfoKeys Name="CFBundleDevelopmentRegion"/>
                    <VersionInfoKeys Name="package"/>
                    <VersionInfoKeys Name="label"/>
                    <VersionInfoKeys Name="versionCode"/>
                    <VersionInfoKeys Name="versionName"/>
                    <VersionInfoKeys Name="persistent"/>
                    <VersionInfoKeys Name="restoreAnyVersion"/>
                    <VersionInfoKeys Name="installLocation"/>
                    <VersionInfoKeys Name="largeHeap"/>
                    <VersionInfoKeys Name="theme"/>
                </VersionInfoKeys>
                <Excluded_Packages>
                    <Excluded_Packages Name="$(BDSBIN)\dcloffice2k190.bpl">Microsoft Office 2000 Sample Automation Server Wrapper Components</Excluded_Packages>
                </Excluded_Packages>
            </Delphi.Personality>
            <Deployment/>
            <Platforms>
                <Platform value="Win32">True</Platform>
                <Platform value="Win64">False</Platform>
            </Platforms>
        </BorlandProject>
        <ProjectFileVersion>12</ProjectFileVersion>
    </ProjectExtensions>
    <Import Project="$(BDS)\Bin\CodeGear.Delphi.Targets" Condition="Exists('$(BDS)\Bin\CodeGear.Delphi.Targets')"/>
    <Import Project="$(APPDATA)\Embarcadero\$(BDSAPPDATABASEDIR)\$(PRODUCTVERSION)\UserTools.proj" Condition="Exists('$(APPDATA)\Embarcadero\$(BDSAPPDATABASEDIR)\$(PRODUCTVERSION)\UserTools.proj')"/>
</Project>
